{
    "version": 3,
    "terraform_version": "0.7.1",
    "serial": 7,
    "lineage": "a3bc2a3b-34ee-4b74-b49a-676724b98c5a",
    "modules": [
        {
            "path": [
                "root"
            ],
            "outputs": {},
            "resources": {
                "digitalocean_droplet.haproxy-www": {
                    "type": "digitalocean_droplet",
                    "depends_on": [
                        "digitalocean_droplet.www-1",
                        "digitalocean_droplet.www-2"
                    ],
                    "primary": {
                        "id": "23406529",
                        "attributes": {
                            "id": "23406529",
                            "image": "ubuntu-14-04-x64",
                            "ipv4_address": "192.241.176.142",
                            "ipv4_address_private": "10.128.8.68",
                            "locked": "false",
                            "name": "haproxy-www",
                            "private_networking": "true",
                            "region": "nyc2",
                            "size": "512mb",
                            "ssh_keys.#": "1",
                            "ssh_keys.0": "74:33:4e:26:6d:59:d1:94:63:77:9b:52:41:6d:a2:3a",
                            "status": "active",
                            "tags.#": "0"
                        },
                        "meta": {},
                        "tainted": false
                    },
                    "deposed": [],
                    "provider": ""
                },
                "digitalocean_droplet.www-1": {
                    "type": "digitalocean_droplet",
                    "depends_on": [],
                    "primary": {
                        "id": "23406522",
                        "attributes": {
                            "id": "23406522",
                            "image": "ubuntu-16-04-x64",
                            "ipv4_address": "162.243.24.41",
                            "ipv4_address_private": "10.128.7.38",
                            "locked": "false",
                            "name": "www-1",
                            "private_networking": "true",
                            "region": "nyc2",
                            "size": "512mb",
                            "ssh_keys.#": "1",
                            "ssh_keys.0": "74:33:4e:26:6d:59:d1:94:63:77:9b:52:41:6d:a2:3a",
                            "status": "active",
                            "tags.#": "0"
                        },
                        "meta": {},
                        "tainted": false
                    },
                    "deposed": [],
                    "provider": ""
                },
                "digitalocean_droplet.www-2": {
                    "type": "digitalocean_droplet",
                    "depends_on": [],
                    "primary": {
                        "id": "23406521",
                        "attributes": {
                            "id": "23406521",
                            "image": "ubuntu-16-04-x64",
                            "ipv4_address": "162.243.19.204",
                            "ipv4_address_private": "10.128.6.79",
                            "locked": "false",
                            "name": "www-2",
                            "private_networking": "true",
                            "region": "nyc2",
                            "size": "512mb",
                            "ssh_keys.#": "1",
                            "ssh_keys.0": "74:33:4e:26:6d:59:d1:94:63:77:9b:52:41:6d:a2:3a",
                            "status": "active",
                            "tags.#": "0"
                        },
                        "meta": {},
                        "tainted": false
                    },
                    "deposed": [],
                    "provider": ""
                }
            },
            "depends_on": []
        }
    ]
}
