{
    "version": 3,
    "terraform_version": "0.7.1",
    "serial": 0,
    "lineage": "10124b69-b0fb-4c41-9c8f-9917853238b1",
    "modules": [
        {
            "path": [
                "root"
            ],
            "outputs": {},
            "resources": {
                "digitalocean_droplet.tower": {
                    "type": "digitalocean_droplet",
                    "depends_on": [],
                    "primary": {
                        "id": "23406832",
                        "attributes": {
                            "id": "23406832",
                            "image": "ubuntu-16-04-x64",
                            "ipv4_address": "162.243.84.57",
                            "ipv4_address_private": "10.128.20.123",
                            "locked": "false",
                            "name": "tower",
                            "private_networking": "true",
                            "region": "nyc2",
                            "size": "512mb",
                            "ssh_keys.#": "1",
                            "ssh_keys.0": "74:33:4e:26:6d:59:d1:94:63:77:9b:52:41:6d:a2:3a",
                            "status": "active",
                            "tags.#": "0"
                        },
                        "meta": {},
                        "tainted": false
                    },
                    "deposed": [],
                    "provider": ""
                }
            },
            "depends_on": []
        }
    ]
}
